
Microsoft Visual Studio Solution File, Format Version 12.00
# Visual Studio Version 17
VisualStudioVersion = 17.13.35818.85 d17.13
MinimumVisualStudioVersion = 10.0.40219.1
Project("{FAE04EC0-301F-11D3-BF4B-00C04F79EFBC}") = "authication", "authication\authication.csproj", "{32E412FF-6B91-4247-821F-060F580B7BB5}"
EndProject
Global
	GlobalSection(SolutionConfigurationPlatforms) = preSolution
		Debug|Any CPU = Debug|Any CPU
		Release|Any CPU = Release|Any CPU
	EndGlobalSection
	GlobalSection(ProjectConfigurationPlatforms) = postSolution
		{32E412FF-6B91-4247-821F-060F580B7BB5}.Debug|Any CPU.ActiveCfg = Debug|Any CPU
		{32E412FF-6B91-4247-821F-060F580B7BB5}.Debug|Any CPU.Build.0 = Debug|Any CPU
		{32E412FF-6B91-4247-821F-060F580B7BB5}.Release|Any CPU.ActiveCfg = Release|Any CPU
		{32E412FF-6B91-4247-821F-060F580B7BB5}.Release|Any CPU.Build.0 = Release|Any CPU
	EndGlobalSection
	GlobalSection(SolutionProperties) = preSolution
		HideSolutionNode = FALSE
	EndGlobalSection
	GlobalSection(ExtensibilityGlobals) = postSolution
		SolutionGuid = {2CF839AA-BFDE-419D-A2B3-D353E751BE65}
	EndGlobalSection
EndGlobal
